<?xml version="1.0" encoding="utf-8"?>
<Project ToolsVersion="4.0" xmlns="http://schemas.microsoft.com/developer/msbuild/2003">
  <ItemGroup>
    <Filter Include="Header">
      <UniqueIdentifier>{0bb02f85-9302-4e6f-b407-e5280fed2b86}</UniqueIdentifier>
      <Extensions>.h</Extensions>
    </Filter>
    <Filter Include="Source">
      <UniqueIdentifier>{7b8327f8-6dc6-4ca5-bdaa-92fe34b587e5}</UniqueIdentifier>
      <Extensions>.cpp</Extensions>
    </Filter>
  </ItemGroup>
  <ItemGroup>
    <ClCompile Include="geometry\ascii_ply.cpp" />
    <ClCompile Include="geometry\bvh.cpp" />
    <ClCompile Include="geometry\geometry.cpp" />
    <ClCompile Include="geometry\mesh.cpp" />
    <ClCompile Include="geometry\morton.cpp" />
    <ClCompile Include="geometry\space.cpp" />
    <ClCompile Include="geometry\triangle.cpp" />
    <ClCompile Include="Display\displaywindow.cpp" />
    <ClCompile Include="Tracer\tracer.cpp" />
    <ClCompile Include="rtmain.cpp" />
    <ClCompile Include="..\..\..\Includes\logger\src\logger.cpp" />
    <ClCompile Include="geometry\aabb.cpp" />
    <ClCompile Include="Utils\cuda_helpers.cpp" />
    <ClCompile Include="World.cpp" />
    <ClCompile Include="Camera.cpp" />
    <ClCompile Include="Ray.cpp" />
  </ItemGroup>
  <ItemGroup>
    <ClInclude Include="geometry\aabb.h" />
    <ClInclude Include="geometry\ascii_ply.h" />
    <ClInclude Include="geometry\bvh.h" />
    <ClInclude Include="geometry\commonheader.h" />
    <ClInclude Include="geometry\GeometricObject.h" />
    <ClInclude Include="geometry\mesh.h" />
    <ClInclude Include="geometry\morton.h" />
    <ClInclude Include="geometry\space.h" />
    <ClInclude Include="geometry\triangle.h" />
    <ClInclude Include="Display\displaywindow.h" />
    <ClInclude Include="Display\film.h" />
    <ClInclude Include="tests\load_bunny.h" />
    <ClInclude Include="Tracer\cudarenderkernel.h" />
    <ClInclude Include="Tracer\tracer.h" />
    <ClInclude Include="Utils\cuda_helpers.h" />
    <ClInclude Include="Utils\spectrum.h" />
    <ClInclude Include="World.h" />
    <ClInclude Include="Camera.h" />
    <ClInclude Include="Ray.h" />
  </ItemGroup>
  <ItemGroup>
    <CudaCompile Include="geometry\geometrykernels.cu" />
    <CudaCompile Include="Tracer\renderkernel.cu" />
  </ItemGroup>
</Project>